github.com/gobwas/glob v0.2.3 h1:A4xDbljILXROh+kObIiy5kIaPYD8e96x1tgBhUI5J+Y=
github.com/gobwas/glob v0.2.3/go.mod h1:d3Ez4x06l9bZtSvzIay5+Yzi0fmZzPgnTbPcKjJAkT8=
github.com/mdwhatcott/helps v1.0.0 h1:WgpAJtMWQ+MTPrVTJdFl9nJ5JUM9qYXlNIWVUaKf8dQ=
github.com/mdwhatcott/helps v1.0.0/go.mod h1:U99EncERm0oTOLjtBDwR5GmY0esrOgAcZhlavcZozik=
github.com/sgreben/flagvar v0.0.0-20190531173411-f77358616bad h1:/LtIjTwpeN7oWamY3zzZc1i8jCFquoE7H19w2yFUszU=
github.com/sgreben/flagvar v0.0.0-20190531173411-f77358616bad/go.mod h1:Fb8FciZ5gk6PpUehj6eK5oGIbvYB0DXsYXtsqSJcFbk=
github.com/smartystreets/assertions v1.0.0 h1:UVQPSSmc3qtTi+zPPkCXvZX9VvW/xT/NsRvKfwY81a8=
github.com/smartystreets/assertions v1.0.0/go.mod h1:kHHU4qYBaI3q23Pp3VPrmWhuIUrLW/7eUrw0BU5VaoM=
github.com/smartystreets/clock v1.0.0 h1:A59pCOKbYR1CtviZ/kyekUitqlxLgZq63LVWr2mlB9E=
github.com/smartystreets/clock v1.0.0/go.mod h1:ACKkhDG9XxjiyOpKTsQ0zlocCq2Dbu2/zWL4raAdeLI=
github.com/smartystreets/gunit v1.0.0 h1:RyPDUFcJbvtXlhJPk7v+wnxZRY2EUokhEYl2EJOPToI=
github.com/smartystreets/gunit v1.0.0/go.mod h1:qwPWnhz6pn0NnRBP++URONOVyNkPyr4SauJk4cUOwJs=
github.com/smartystreets/logging v1.0.0 h1:gje6Q/5dPvxhRmYwZykb0cZnLTeiiio5Sy9iyrJtnt4=
github.com/smartystreets/logging v1.0.0/go.mod h1:Xbp3xEjGjcIU1oC100+eBIUiCxEh1VXTQ6ULao2bSJk=
github.com/smartystreets/smartystreets-go-sdk v1.0.0 h1:jYb5VZi8bMoOTmKvgWVbZPJ3LCLp9WRzcy3QVKBvYwc=
github.com/smartystreets/smartystreets-go-sdk v1.0.0/go.mod h1:vE4pk3ecBe3KOK5IsT+yhqU0L1Ve6DDTnLBcmIUZ7OI=
